{
    "_meta": {
        "hash": {
            "sha256": "50f6bdd64ea30ccf3f754e4efe5147f469aca3aa78eb3525f64be544057bdb5a"
        },
        "pipfile-spec": 6,
        "requires": {
            "python_version": "3.7"
        },
        "sources": [
            {
                "name": "pypi",
                "url": "https://${ARTIFACTORY_USERNAME}:${ARTIFACTORY_PASSWORD}@cloudnativejava.jfrog.io/artifactory/api/pypi/pypi-virtual/simple",
                "verify_ssl": true
            },
            {
                "name": "pypi",
                "url": "https://pypi.org/simple",
                "verify_ssl": true
            }
        ]
    },
    "default": {
        "certifi": {
            "hashes": [
                "sha256:5ad7e9a056d25ffa5082862e36f119f7f7cec6457fa07ee2f8c339814b80c9b1",
                "sha256:9cd41137dc19af6a5e03b630eefe7d1f458d964d406342dd3edf625839b944cc"
            ],
            "version": "==2020.4.5.2"
        },
        "chardet": {
            "hashes": [
                "sha256:84ab92ed1c4d4f16916e05906b6b75a6c0fb5db821cc65e70cbd64a3e2a5eaae",
                "sha256:fc323ffcaeaed0e0a02bf4d117757b98aed530d9ed4531e3e15460124c106691"
            ],
            "version": "==3.0.4"
        },
        "idna": {
            "hashes": [
                "sha256:7588d1c14ae4c77d74036e8c22ff447b26d0fde8f007354fd48a7814db15b7cb",
                "sha256:a068a21ceac8a4d63dbfd964670474107f541babbd2250d61922f029858365fa"
            ],
            "version": "==2.9"
        },
        "pg8000": {
            "hashes": [
                "sha256:2bfdd03c2623302af655ef089a958ff329b2035c9d9aea406b5e4dac9c007524",
                "sha256:eb42ba62fbc048c91d5cf1ac729e0ea4ee329cc526bddafed4e7a8aa6b57fbbb"
            ],
            "index": "pypi",
            "version": "==1.15.2"
        },
        "python-dateutil": {
            "hashes": [
                "sha256:73ebfe9dbf22e832286dafa60473e4cd239f8592f699aa5adaf10050e6e1823c",
                "sha256:75bb3f31ea686f1197762692a9ee6a7550b59fc6ca3a1f4b5d7e32fb98e2da2a"
            ],
            "index": "pypi",
            "version": "==2.8.1"
        },
        "requests": {
            "hashes": [
                "sha256:43999036bfa82904b6af1d99e4882b560e5e2c68e5c4b0aa03b655f3d7d73fee",
                "sha256:b3f43d496c6daba4493e7c431722aeb7dbc6288f52a6e04e7b6023b0247817e6"
            ],
            "index": "pypi",
            "version": "==2.23.0"
        },
        "scramp": {
            "hashes": [
                "sha256:a2c740624642de84f77327da8f56b2f030c5afd10deccaedbb8eb6108a66dfc1",
                "sha256:b57eb0ae2f9240b15b5d0dab2ea8e40b43eef13ac66d3f627a79ef85a6da0927"
            ],
            "version": "==1.1.1"
        },
        "simple-python-github-client": {
            "hashes": [
                "sha256:0db17590656026d9f47d802765e668387eef5e4a1bd092cef6fe6d0e397fb908",
                "sha256:2c2e4b1c06fe994ca7f3c8d239a894ec47c6aac533f133e0d8cf44d390ea4c47"
            ],
            "index": "pypi",
            "version": "==0.2"
        },
        "six": {
            "hashes": [
                "sha256:30639c035cdb23534cd4aa2dd52c3bf48f06e5f4a941509c8bafd8ce11080259",
                "sha256:8b74bedcbbbaca38ff6d7491d76f2b06b3592611af620f8426e82dddb04a5ced"
            ],
            "version": "==1.15.0"
        },
        "urllib3": {
            "hashes": [
                "sha256:3018294ebefce6572a474f0604c2021e33b3fd8006ecd11d62107a5d2a963527",
                "sha256:88206b0eb87e6d677d424843ac5209e3fb9d0190d0ee169599165ec25e9d9115"
            ],
            "version": "==1.25.9"
        }
    },
    "develop": {}
}
